lockfileVersion: '9.0'

settings:
  autoInstallPeers: true
  excludeLinksFromLockfile: false

importers:

  .:
    dependencies:
      '@cloudflare/containers':
        specifier: 0.0.31
        version: 0.0.31
    devDependencies:
      '@cloudflare/workers-types':
        specifier: ^4.20241127.0
        version: 4.20251221.0
      typescript:
        specifier: ^5.0.0
        version: 5.9.3
      wrangler:
        specifier: ^3.91.0
        version: 3.114.16(@cloudflare/workers-types@4.20251221.0)

packages:

  '@cloudflare/containers@0.0.31':
    resolution: {integrity: sha512-zHxW6/JMzvK9To98OcNg2d3eiZUZRg11pARmQpJJyQdIQ0eQ/dh/Wpufx+HGd0k/xjMdrFP77YnOeopxdzsgng==}

  '@cloudflare/kv-asset-handler@0.3.4':
    resolution: {integrity: sha512-YLPHc8yASwjNkmcDMQMY35yiWjoKAKnhUbPRszBRS0YgH+IXtsMp61j+yTcnCE3oO2DgP0U3iejLC8FTtKDC8Q==}
    engines: {node: '>=16.13'}

  '@cloudflare/unenv-preset@2.0.2':
    resolution: {integrity: sha512-od496pShMen7nOy5VmVJCnq8rptd45vh6Nx/r2iPbrba6pa6p+tS2ywuIHRZ/OBvSbQZB0kWvpO9XBNVFXHD3Q==}
    peerDependencies:
      unenv: 2.0.0-rc.14
      workerd: ^1.20250124.0
    peerDependenciesMeta:
      workerd:
        optional: true

  '@cloudflare/workerd-darwin-64@1.20250718.0':
    resolution: {integrity: sha512-FHf4t7zbVN8yyXgQ/r/GqLPaYZSGUVzeR7RnL28Mwj2djyw2ZergvytVc7fdGcczl6PQh+VKGfZCfUqpJlbi9g==}
    engines: {node: '>=16'}
    cpu: [x64]
    os: [darwin]

  '@cloudflare/workerd-darwin-arm64@1.20250718.0':
    resolution: {integrity: sha512-fUiyUJYyqqp4NqJ0YgGtp4WJh/II/YZsUnEb6vVy5Oeas8lUOxnN+ZOJ8N/6/5LQCVAtYCChRiIrBbfhTn5Z8Q==}
    engines: {node: '>=16'}
    cpu: [arm64]
    os: [darwin]

  '@cloudflare/workerd-linux-64@1.20250718.0':
    resolution: {integrity: sha512-5+eb3rtJMiEwp08Kryqzzu8d1rUcK+gdE442auo5eniMpT170Dz0QxBrqkg2Z48SFUPYbhTn5Z8Q==}
    engines: {node: '>=16'}
    cpu: [x64]
    os: [linux]

  '@cloudflare/workerd-linux-arm64@1.20250718.0':
    resolution: {integrity: sha512-Aa2M/DVBEBQDdATMbn217zCSFKE+ud/teS+fFS+OQqKABLn0azO2qq6ANAHYOIE6Q3Sq4CxDIQr8lGdaJHwUog==}
    engines: {node: '>=16'}
    cpu: [arm64]
    os: [linux]

  '@cloudflare/workerd-windows-64@1.20250718.0':
    resolution: {integrity: sha512-dY16RXKffmugnc67LTbyjdDHZn5NoTF1yHEf2fN4+OaOnoGSp3N1x77QubTDwqZ9zECWxgQfDLjddcH8dWeFhg==}
    engines: {node: '>=16'}
    cpu: [x64]
    os: [win32]

  '@cloudflare/workers-types@4.20251221.0':
    resolution: {integrity: sha512-VVTEhY29TtwIwjBjpRrdT51Oqu0JlXijc5TiEKFCjwouUSn+5VhzoTSaz7UBjVOu4vfvcQmjqt/dzwBUR7c95w==}
